// !$*UTF8*$!
{
	archiveVersion = 1;
	classes = {
	};
	objectVersion = 46;
	objects = {

/* Begin PBXBuildFile section */
		6E3AB3331BB7D1820063B725 /* AppDelegate.swift in Sources */ = {isa = PBXBuildFile; fileRef = 6E3AB3321BB7D1820063B725 /* AppDelegate.swift */; };
		6E3AB3351BB7D1820063B725 /* ViewController.swift in Sources */ = {isa = PBXBuildFile; fileRef = 6E3AB3341BB7D1820063B725 /* ViewController.swift */; };
		6E3AB3381BB7D1820063B725 /* Main.storyboard in Resources */ = {isa = PBXBuildFile; fileRef = 6E3AB3361BB7D1820063B725 /* Main.storyboard */; };
		6E3AB33A1BB7D1820063B725 /* Assets.xcassets in Resources */ = {isa = PBXBuildFile; fileRef = 6E3AB3391BB7D1820063B725 /* Assets.xcassets */; };
		6E3AB33D1BB7D1820063B725 /* LaunchScreen.storyboard in Resources */ = {isa = PBXBuildFile; fileRef = 6E3AB33B1BB7D1820063B725 /* LaunchScreen.storyboard */; };
		6E3AB3481BB7D1820063B725 /* CalculatorTests.swift in Sources */ = {isa = PBXBuildFile; fileRef = 6E3AB3471BB7D1820063B725 /* CalculatorTests.swift */; };
		6E3AB3531BB7D1820063B725 /* CalculatorUITests.swift in Sources */ = {isa = PBXBuildFile; fileRef = 6E3AB3521BB7D1820063B725 /* CalculatorUITests.swift */; };
		6E3CBD321BBD71A700B7999A /* CalculatorBrain.swift in Sources */ = {isa = PBXBuildFile; fileRef = 6E3CBD311BBD71A700B7999A /* CalculatorBrain.swift */; settings = {ASSET_TAGS = (); }; };
/* End PBXBuildFile section */

/* Begin PBXContainerItemProxy section */
		6E3AB3441BB7D1820063B725 /* PBXContainerItemProxy */ = {
			isa = PBXContainerItemProxy;
			containerPortal = 6E3AB3271BB7D1820063B725 /* Project object */;
			proxyType = 1;
			remoteGlobalIDString = 6E3AB32E1BB7D1820063B725;
			remoteInfo = Calculator;
		};
		6E3AB34F1BB7D1820063B725 /* PBXContainerItemProxy */ = {
			isa = PBXContainerItemProxy;
			containerPortal = 6E3AB3271BB7D1820063B725 /* Project object */;
			proxyType = 1;
			remoteGlobalIDString = 6E3AB32E1BB7D1820063B725;
			remoteInfo = Calculator;
		};
/* End PBXContainerItemProxy section */

/* Begin PBXFileReference section */
		6E3AB32F1BB7D1820063B725 /* Calculator.app */ = {isa = PBXFileReference; explicitFileType = wrapper.application; includeInIndex = 0; path = Calculator.app; sourceTree = BUILT_PRODUCTS_DIR; };
		6E3AB3321BB7D1820063B725 /* AppDelegate.swift */ = {isa = PBXFileReference; lastKnownFileType = sourcecode.swift; path = AppDelegate.swift; sourceTree = "<group>"; };
		6E3AB3341BB7D1820063B725 /* ViewController.swift */ = {isa = PBXFileReference; lastKnownFileType = sourcecode.swift; path = ViewController.swift; sourceTree = "<group>"; };
		6E3AB3371BB7D1820063B725 /* Base */ = {isa = PBXFileReference; lastKnownFileType = file.storyboard; name = Base; path = Base.lproj/Main.storyboard; sourceTree = "<group>"; };
		6E3AB3391BB7D1820063B725 /* Assets.xcassets */ = {isa = PBXFileReference; lastKnownFileType = folder.assetcatalog; path = Assets.xcassets; sourceTree = "<group>"; };
		6E3AB33C1BB7D1820063B725 /* Base */ = {isa = PBXFileReference; lastKnownFileType = file.storyboard; name = Base; path = Base.lproj/LaunchScreen.storyboard; sourceTree = "<group>"; };
		6E3AB33E1BB7D1820063B725 /* Info.plist */ = {isa = PBXFileReference; lastKnownFileType = text.plist.xml; path = Info.plist; sourceTree = "<group>"; };
		6E3AB3431BB7D1820063B725 /* CalculatorTests.xctest */ = {isa = PBXFileReference; explicitFileType = wrapper.cfbundle; includeInIndex = 0; path = CalculatorTests.xctest; sourceTree = BUILT_PRODUCTS_DIR; };
		6E3AB3471BB7D1820063B725 /* CalculatorTests.swift */ = {isa = PBXFileReference; lastKnownFileType = sourcecode.swift; path = CalculatorTests.swift; sourceTree = "<group>"; };
		6E3AB3491BB7D1820063B725 /* Info.plist */ = {isa = PBXFileReference; lastKnownFileType = text.plist.xml; path = Info.plist; sourceTree = "<group>"; };
		6E3AB34E1BB7D1820063B725 /* CalculatorUITests.xctest */ = {isa = PBXFileReference; explicitFileType = wrapper.cfbundle; includeInIndex = 0; path = CalculatorUITests.xctest; sourceTree = BUILT_PRODUCTS_DIR; };
		6E3AB3521BB7D1820063B725 /* CalculatorUITests.swift */ = {isa = PBXFileReference; lastKnownFileType = sourcecode.swift; path = CalculatorUITests.swift; sourceTree = "<group>"; };
		6E3AB3541BB7D1820063B725 /* Info.plist */ = {isa = PBXFileReference; lastKnownFileType = text.plist.xml; path = Info.plist; sourceTree = "<group>"; };
		6E3CBD311BBD71A700B7999A /* CalculatorBrain.swift */ = {isa = PBXFileReference; fileEncoding = 4; lastKnownFileType = sourcecode.swift; path = CalculatorBrain.swift; sourceTree = "<group>"; };
/* End PBXFileReference section */

/* Begin PBXFrameworksBuildPhase section */
		6E3AB32C1BB7D1820063B725 /* Frameworks */ = {
			isa = PBXFrameworksBuildPhase;
			buildActionMask = 2147483647;
			files = (
			);
			runOnlyForDeploymentPostprocessing = 0;
		};
		6E3AB3401BB7D1820063B725 /* Frameworks */ = {
			isa = PBXFrameworksBuildPhase;
			buildActionMask = 2147483647;
			files = (
			);
			runOnlyForDeploymentPostprocessing = 0;
		};
		6E3AB34B1BB7D1820063B725 /* Frameworks */ = {
			isa = PBXFrameworksBuildPhase;
			buildActionMask = 2147483647;
			files = (
			);
			runOnlyForDeploymentPostprocessing = 0;
		};
/* End PBXFrameworksBuildPhase section */

/* Begin PBXGroup section */
		6E3AB3261BB7D1810063B725 = {
			isa = PBXGroup;
			children = (
				6E3AB3311BB7D1820063B725 /* Calculator */,
				6E3AB3461BB7D1820063B725 /* CalculatorTests */,
				6E3AB3511BB7D1820063B725 /* CalculatorUITests */,
				6E3AB3301BB7D1820063B725 /* Products */,
			);
			sourceTree = "<group>";
		};
		6E3AB3301BB7D1820063B725 /* Products */ = {
			isa = PBXGroup;
			children = (
				6E3AB32F1BB7D1820063B725 /* Calculator.app */,
				6E3AB3431BB7D1820063B725 /* CalculatorTests.xctest */,
				6E3AB34E1BB7D1820063B725 /* CalculatorUITests.xctest */,
			);
			name = Products;
			sourceTree = "<group>";
		};
		6E3AB3311BB7D1820063B725 /* Calculator */ = {
			isa = PBXGroup;
			children = (
				6E3AB3341BB7D1820063B725 /* ViewController.swift */,
				6E3CBD311BBD71A700B7999A /* CalculatorBrain.swift */,
				6E3AB3361BB7D1820063B725 /* Main.storyboard */,
				6E4407141BB843630048AB12 /* Supporting Files */,
			);
			path = Calculator;
			sourceTree = "<group>";
		};
		6E3AB3461BB7D1820063B725 /* CalculatorTests */ = {
			isa = PBXGroup;
			children = (
				6E3AB3471BB7D1820063B725 /* CalculatorTests.swift */,
				6E3AB3491BB7D1820063B725 /* Info.plist */,
			);
			path = CalculatorTests;
			sourceTree = "<group>";
		};
		6E3AB3511BB7D1820063B725 /* CalculatorUITests */ = {
			isa = PBXGroup;
			children = (
				6E3AB3521BB7D1820063B725 /* CalculatorUITests.swift */,
				6E3AB3541BB7D1820063B725 /* Info.plist */,
			);
			path = CalculatorUITests;
			sourceTree = "<group>";
		};
		6E4407141BB843630048AB12 /* Supporting Files */ = {
			isa = PBXGroup;
			children = (
				6E3AB3321BB7D1820063B725 /* AppDelegate.swift */,
				6E3AB3391BB7D1820063B725 /* Assets.xcassets */,
				6E3AB33B1BB7D1820063B725 /* LaunchScreen.storyboard */,
				6E3AB33E1BB7D1820063B725 /* Info.plist */,
			);
			name = "Supporting Files";
			sourceTree = "<group>";
		};
/* End PBXGroup section */

/* Begin PBXNativeTarget section */
		6E3AB32E1BB7D1820063B725 /* Calculator */ = {
			isa = PBXNativeTarget;
			buildConfigurationList = 6E3AB3571BB7D1820063B725 /* Build configuration list for PBXNativeTarget "Calculator" */;
			buildPhases = (
				6E3AB32B1BB7D1820063B725 /* Sources */,
				6E3AB32C1BB7D1820063B725 /* Frameworks */,
				6E3AB32D1BB7D1820063B725 /* Resources */,
			);
			buildRules = (
			);
			dependencies = (
			);
			name = Calculator;
			productName = Calculator;
			productReference = 6E3AB32F1BB7D1820063B725 /* Calculator.app */;
			productType = "com.apple.product-type.application";
		};
		6E3AB3421BB7D1820063B725 /* CalculatorTests */ = {
			isa = PBXNativeTarget;
			buildConfigurationList = 6E3AB35A1BB7D1820063B725 /* Build configuration list for PBXNativeTarget "CalculatorTests" */;
			buildPhases = (
				6E3AB33F1BB7D1820063B725 /* Sources */,
				6E3AB3401BB7D1820063B725 /* Frameworks */,
				6E3AB3411BB7D1820063B725 /* Resources */,
			);
			buildRules = (
			);
			dependencies = (
				6E3AB3451BB7D1820063B725 /* PBXTargetDependency */,
			);
			name = CalculatorTests;
			productName = CalculatorTests;
			productReference = 6E3AB3431BB7D1820063B725 /* CalculatorTests.xctest */;
			productType = "com.apple.product-type.bundle.unit-test";
		};
		6E3AB34D1BB7D1820063B725 /* CalculatorUITests */ = {
			isa = PBXNativeTarget;
			buildConfigurationList = 6E3AB35D1BB7D1820063B725 /* Build configuration list for PBXNativeTarget "CalculatorUITests" */;
			buildPhases = (
				6E3AB34A1BB7D1820063B725 /* Sources */,
				6E3AB34B1BB7D1820063B725 /* Frameworks */,
				6E3AB34C1BB7D1820063B725 /* Resources */,
			);
			buildRules = (
			);
			dependencies = (
				6E3AB3501BB7D1820063B725 /* PBXTargetDependency */,
			);
			name = CalculatorUITests;
			productName = CalculatorUITests;
			productReference = 6E3AB34E1BB7D1820063B725 /* CalculatorUITests.xctest */;
			productType = "com.apple.product-type.bundle.ui-testing";
		};
/* End PBXNativeTarget section */

/* Begin PBXProject section */
		6E3AB3271BB7D1820063B725 /* Project object */ = {
			isa = PBXProject;
			attributes = {
				LastUpgradeCheck = 0700;
				ORGANIZATIONNAME = zklgame;
				TargetAttributes = {
					6E3AB32E1BB7D1820063B725 = {
						CreatedOnToolsVersion = 7.0;
						DevelopmentTeam = HB6P948N7E;
					};
					6E3AB3421BB7D1820063B725 = {
						CreatedOnToolsVersion = 7.0;
						TestTargetID = 6E3AB32E1BB7D1820063B725;
					};
					6E3AB34D1BB7D1820063B725 = {
						CreatedOnToolsVersion = 7.0;
						TestTargetID = 6E3AB32E1BB7D1820063B725;
					};
				};
			};
			buildConfigurationList = 6E3AB32A1BB7D1820063B725 /* Build configuration list for PBXProject "Calculator" */;
			compatibilityVersion = "Xcode 3.2";
			developmentRegion = English;
			hasScannedForEncodings = 0;
			knownRegions = (
				en,
				Base,
			);
			mainGroup = 6E3AB3261BB7D1810063B725;
			productRefGroup = 6E3AB3301BB7D1820063B725 /* Products */;
			projectDirPath = "";
			projectRoot = "";
			targets = (
				6E3AB32E1BB7D1820063B725 /* Calculator */,
				6E3AB3421BB7D1820063B725 /* CalculatorTests */,
				6E3AB34D1BB7D1820063B725 /* CalculatorUITests */,
			);
		};
/* End PBXProject section */

/* Begin PBXResourcesBuildPhase section */
		6E3AB32D1BB7D1820063B725 /* Resources */ = {
			isa = PBXResourcesBuildPhase;
			buildActionMask = 2147483647;
			files = (
				6E3AB33D1BB7D1820063B725 /* LaunchScreen.storyboard in Resources */,
				6E3AB33A1BB7D1820063B725 /* Assets.xcassets in Resources */,
				6E3AB3381BB7D1820063B725 /* Main.storyboard in Resources */,
			);
			runOnlyForDeploymentPostprocessing = 0;
		};
		6E3AB3411BB7D1820063B725 /* Resources */ = {
			isa = PBXResourcesBuildPhase;
			buildActionMask = 2147483647;
			files = (
			);
			runOnlyForDeploymentPostprocessing = 0;
		};
		6E3AB34C1BB7D1820063B725 /* Resources */ = {
			isa = PBXResourcesBuildPhase;
			buildActionMask = 2147483647;
			files = (
			);
			runOnlyForDeploymentPostprocessing = 0;
		};
/* End PBXResourcesBuildPhase section */

/* Begin PBXSourcesBuildPhase section */
		6E3AB32B1BB7D1820063B725 /* Sources */ = {
			isa = PBXSourcesBuildPhase;
			buildActionMask = 2147483647;
			files = (
				6E3CBD321BBD71A700B7999A /* CalculatorBrain.swift in Sources */,
				6E3AB3351BB7D1820063B725 /* ViewController.swift in Sources */,
				6E3AB3331BB7D1820063B725 /* AppDelegate.swift in Sources */,
			);
			runOnlyForDeploymentPostprocessing = 0;
		};
		6E3AB33F1BB7D1820063B725 /* Sources */ = {
			isa = PBXSourcesBuildPhase;
			buildActionMask = 2147483647;
			files = (
				6E3AB3481BB7D1820063B725 /* CalculatorTests.swift in Sources */,
			);
			runOnlyForDeploymentPostprocessing = 0;
		};
		6E3AB34A1BB7D1820063B725 /* Sources */ = {
			isa = PBXSourcesBuildPhase;
			buildActionMask = 2147483647;
			files = (
				6E3AB3531BB7D1820063B725 /* CalculatorUITests.swift in Sources */,
			);
			runOnlyForDeploymentPostprocessing = 0;
		};
/* End PBXSourcesBuildPhase section */

/* Begin PBXTargetDependency section */
		6E3AB3451BB7D1820063B725 /* PBXTargetDependency */ = {
			isa = PBXTargetDependency;
			target = 6E3AB32E1BB7D1820063B725 /* Calculator */;
			targetProxy = 6E3AB3441BB7D1820063B725 /* PBXContainerItemProxy */;
		};
		6E3AB3501BB7D1820063B725 /* PBXTargetDependency */ = {
			isa = PBXTargetDependency;
			target = 6E3AB32E1BB7D1820063B725 /* Calculator */;
			targetProxy = 6E3AB34F1BB7D1820063B725 /* PBXContainerItemProxy */;
		};
/* End PBXTargetDependency section */

/* Begin PBXVariantGroup section */
		6E3AB3361BB7D1820063B725 /* Main.storyboard */ = {
			isa = PBXVariantGroup;
			children = (
				6E3AB3371BB7D1820063B725 /* Base */,
			);
			name = Main.storyboard;
			sourceTree = "<group>";
		};
		6E3AB33B1BB7D1820063B725 /* LaunchScreen.storyboard */ = {
			isa = PBXVariantGroup;
			children = (
				6E3AB33C1BB7D1820063B725 /* Base */,
			);
			name = LaunchScreen.storyboard;
			sourceTree = "<group>";
		};
/* End PBXVariantGroup section */

/* Begin XCBuildConfiguration section */
		6E3AB3551BB7D1820063B725 /* Debug */ = {
			isa = XCBuildConfiguration;
			buildSettings = {
				ALWAYS_SEARCH_USER_PATHS = NO;
				CLANG_CXX_LANGUAGE_STANDARD = "gnu++0x";
				CLANG_CXX_LIBRARY = "libc++";
				CLANG_ENABLE_MODULES = YES;
				CLANG_ENABLE_OBJC_ARC = YES;
				CLANG_WARN_BOOL_CONVERSION = YES;
				CLANG_WARN_CONSTANT_CONVERSION = YES;
				CLANG_WARN_DIRECT_OBJC_ISA_USAGE = YES_ERROR;
				CLANG_WARN_EMPTY_BODY = YES;
				CLANG_WARN_ENUM_CONVERSION = YES;
				CLANG_WARN_INT_CONVERSION = YES;
				CLANG_WARN_OBJC_ROOT_CLASS = YES_ERROR;
				CLANG_WARN_UNREACHABLE_CODE = YES;
				CLANG_WARN__DUPLICATE_METHOD_MATCH = YES;
				"CODE_SIGN_IDENTITY[sdk=iphoneos*]" = "iPhone Developer";
				COPY_PHASE_STRIP = NO;
				DEBUG_INFORMATION_FORMAT = dwarf;
				ENABLE_STRICT_OBJC_MSGSEND = YES;
				ENABLE_TESTABILITY = YES;
				GCC_C_LANGUAGE_STANDARD = gnu99;
				GCC_DYNAMIC_NO_PIC = NO;
				GCC_NO_COMMON_BLOCKS = YES;
				GCC_OPTIMIZATION_LEVEL = 0;
				GCC_PREPROCESSOR_DEFINITIONS = (
					"DEBUG=1",
					"$(inherited)",
				);
				GCC_WARN_64_TO_32_BIT_CONVERSION = YES;
				GCC_WARN_ABOUT_RETURN_TYPE = YES_ERROR;
				GCC_WARN_UNDECLARED_SELECTOR = YES;
				GCC_WARN_UNINITIALIZED_AUTOS = YES_AGGRESSIVE;
				GCC_WARN_UNUSED_FUNCTION = YES;
				GCC_WARN_UNUSED_VARIABLE = YES;
				IPHONEOS_DEPLOYMENT_TARGET = 9.0;
				MTL_ENABLE_DEBUG_INFO = YES;
				ONLY_ACTIVE_ARCH = YES;
				SDKROOT = iphoneos;
				SWIFT_OPTIMIZATION_LEVEL = "-Onone";
				TARGETED_DEVICE_FAMILY = "1,2";
			};
			name = Debug;
		};
		6E3AB3561BB7D1820063B725 /* Release */ = {
			isa = XCBuildConfiguration;
			buildSettings = {
				ALWAYS_SEARCH_USER_PATHS = NO;
				CLANG_CXX_LANGUAGE_STANDARD = "gnu++0x";
				CLANG_CXX_LIBRARY = "libc++";
				CLANG_ENABLE_MODULES = YES;
				CLANG_ENABLE_OBJC_ARC = YES;
				CLANG_WARN_BOOL_CONVERSION = YES;
				CLANG_WARN_CONSTANT_CONVERSION = YES;
				CLANG_WARN_DIRECT_OBJC_ISA_USAGE = YES_ERROR;
				CLANG_WARN_EMPTY_BODY = YES;
				CLANG_WARN_ENUM_CONVERSION = YES;
				CLANG_WARN_INT_CONVERSION = YES;
				CLANG_WARN_OBJC_ROOT_CLASS = YES_ERROR;
				CLANG_WARN_UNREACHABLE_CODE = YES;
				CLANG_WARN__DUPLICATE_METHOD_MATCH = YES;
				"CODE_SIGN_IDENTITY[sdk=iphoneos*]" = "iPhone Developer";
				COPY_PHASE_STRIP = NO;
				DEBUG_INFORMATION_FORMAT = "dwarf-with-dsym";
				ENABLE_NS_ASSERTIONS = NO;
				ENABLE_STRICT_OBJC_MSGSEND = YES;
				GCC_C_LANGUAGE_STANDARD = gnu99;
				GCC_NO_COMMON_BLOCKS = YES;
				GCC_WARN_64_TO_32_BIT_CONVERSION = YES;
				GCC_WARN_ABOUT_RETURN_TYPE = YES_ERROR;
				GCC_WARN_UNDECLARED_SELECTOR = YES;
				GCC_WARN_UNINITIALIZED_AUTOS = YES_AGGRESSIVE;
				GCC_WARN_UNUSED_FUNCTION = YES;
				GCC_WARN_UNUSED_VARIABLE = YES;
				IPHONEOS_DEPLOYMENT_TARGET = 9.0;
				MTL_ENABLE_DEBUG_INFO = NO;
				SDKROOT = iphoneos;
				TARGETED_DEVICE_FAMILY = "1,2";
				VALIDATE_PRODUCT = YES;
			};
			name = Release;
		};
		6E3AB3581BB7D1820063B725 /* Debug */ = {
			isa = XCBuildConfiguration;
			buildSettings = {
				ASSETCATALOG_COMPILER_APPICON_NAME = AppIcon;
				CODE_SIGN_IDENTITY = "iPhone Developer";
				"CODE_SIGN_IDENTITY[sdk=iphoneos*]" = "iPhone Developer";
				INFOPLIST_FILE = Calculator/Info.plist;
				LD_RUNPATH_SEARCH_PATHS = "$(inherited) @executable_path/Frameworks";
				PRODUCT_BUNDLE_IDENTIFIER = zklgame.Calculator;
				PRODUCT_NAME = "$(TARGET_NAME)";
				PROVISIONING_PROFILE = "";
			};
			name = Debug;
		};
		6E3AB3591BB7D1820063B725 /* Release */ = {
			isa = XCBuildConfiguration;
			buildSettings = {
				ASSETCATALOG_COMPILER_APPICON_NAME = AppIcon;
				CODE_SIGN_IDENTITY = "iPhone Developer";
				"CODE_SIGN_IDENTITY[sdk=iphoneos*]" = "iPhone Developer";
				INFOPLIST_FILE = Calculator/Info.plist;
				LD_RUNPATH_SEARCH_PATHS = "$(inherited) @executable_path/Frameworks";
				PRODUCT_BUNDLE_IDENTIFIER = zklgame.Calculator;
				PRODUCT_NAME = "$(TARGET_NAME)";
				PROVISIONING_PROFILE = "";
			};
			name = Release;
		};
		6E3AB35B1BB7D1820063B725 /* Debug */ = {
			isa = XCBuildConfiguration;
			buildSettings = {
				BUNDLE_LOADER = "$(TEST_HOST)";
				INFOPLIST_FILE = CalculatorTests/Info.plist;
				LD_RUNPATH_SEARCH_PATHS = "$(inherited) @executable_path/Frameworks @loader_path/Frameworks";
				PRODUCT_BUNDLE_IDENTIFIER = zklgame.CalculatorTests;
				PRODUCT_NAME = "$(TARGET_NAME)";
				TEST_HOST = "$(BUILT_PRODUCTS_DIR)/Calculator.app/Calculator";
			};
			name = Debug;
		};
		6E3AB35C1BB7D1820063B725 /* Release */ = {
			isa = XCBuildConfiguration;
			buildSettings = {
				BUNDLE_LOADER = "$(TEST_HOST)";
				INFOPLIST_FILE = CalculatorTests/Info.plist;
				LD_RUNPATH_SEARCH_PATHS = "$(inherited) @executable_path/Frameworks @loader_path/Frameworks";
				PRODUCT_BUNDLE_IDENTIFIER = zklgame.CalculatorTests;
				PRODUCT_NAME = "$(TARGET_NAME)";
				TEST_HOST = "$(BUILT_PRODUCTS_DIR)/Calculator.app/Calculator";
			};
			name = Release;
		};
		6E3AB35E1BB7D1820063B725 /* Debug */ = {
			isa = XCBuildConfiguration;
			buildSettings = {
				INFOPLIST_FILE = CalculatorUITests/Info.plist;
				LD_RUNPATH_SEARCH_PATHS = "$(inherited) @executable_path/Frameworks @loader_path/Frameworks";
				PRODUCT_BUNDLE_IDENTIFIER = zklgame.CalculatorUITests;
				PRODUCT_NAME = "$(TARGET_NAME)";
				TEST_TARGET_NAME = Calculator;
				USES_XCTRUNNER = YES;
			};
			name = Debug;
		};
		6E3AB35F1BB7D1820063B725 /* Release */ = {
			isa = XCBuildConfiguration;
			buildSettings = {
				INFOPLIST_FILE = CalculatorUITests/Info.plist;
				LD_RUNPATH_SEARCH_PATHS = "$(inherited) @executable_path/Frameworks @loader_path/Frameworks";
				PRODUCT_BUNDLE_IDENTIFIER = zklgame.CalculatorUITests;
				PRODUCT_NAME = "$(TARGET_NAME)";
				TEST_TARGET_NAME = Calculator;
				USES_XCTRUNNER = YES;
			};
			name = Release;
		};
/* End XCBuildConfiguration section */

/* Begin XCConfigurationList section */
		6E3AB32A1BB7D1820063B725 /* Build configuration list for PBXProject "Calculator" */ = {
			isa = XCConfigurationList;
			buildConfigurations = (
				6E3AB3551BB7D1820063B725 /* Debug */,
				6E3AB3561BB7D1820063B725 /* Release */,
			);
			defaultConfigurationIsVisible = 0;
			defaultConfigurationName = Release;
		};
		6E3AB3571BB7D1820063B725 /* Build configuration list for PBXNativeTarget "Calculator" */ = {
			isa = XCConfigurationList;
			buildConfigurations = (
				6E3AB3581BB7D1820063B725 /* Debug */,
				6E3AB3591BB7D1820063B725 /* Release */,
			);
			defaultConfigurationIsVisible = 0;
			defaultConfigurationName = Release;
		};
		6E3AB35A1BB7D1820063B725 /* Build configuration list for PBXNativeTarget "CalculatorTests" */ = {
			isa = XCConfigurationList;
			buildConfigurations = (
				6E3AB35B1BB7D1820063B725 /* Debug */,
				6E3AB35C1BB7D1820063B725 /* Release */,
			);
			defaultConfigurationIsVisible = 0;
			defaultConfigurationName = Release;
		};
		6E3AB35D1BB7D1820063B725 /* Build configuration list for PBXNativeTarget "CalculatorUITests" */ = {
			isa = XCConfigurationList;
			buildConfigurations = (
				6E3AB35E1BB7D1820063B725 /* Debug */,
				6E3AB35F1BB7D1820063B725 /* Release */,
			);
			defaultConfigurationIsVisible = 0;
			defaultConfigurationName = Release;
		};
/* End XCConfigurationList section */
	};
	rootObject = 6E3AB3271BB7D1820063B725 /* Project object */;
}
